{
  "requires": true,
  "lockfileVersion": 1,
  "dependencies": {
    "napoli-test-pkg": {
      "version": "1.0.0",
      "resolved": "https://registry.npmjs.org/napoli-test-pkg/-/napoli-test-pkg-1.0.0.tgz",
      "integrity": "sha512-6wKFO30+/FZK9Nge7gtqNutUcE9Ny5kgm0vxoakDmFaCFs/e84D67yhNiL0AKcWzv5JQQwz0DFlv+uC3hOUfeQ=="
    }
  }
}
